
Microsoft Visual Studio Solution File, Format Version 12.00
# Visual Studio Version 17
VisualStudioVersion = 17.4.33213.308
MinimumVisualStudioVersion = 10.0.40219.1
Project("{FAE04EC0-301F-11D3-BF4B-00C04F79EFBC}") = "PomodoroTimer", "PomodoroTimer\PomodoroTimer.csproj", "{044AA720-1DA9-4748-98A9-F71D45CF3ADC}"
EndProject
Global
	GlobalSection(SolutionConfigurationPlatforms) = preSolution
		Debug|Any CPU = Debug|Any CPU
		Release|Any CPU = Release|Any CPU
	EndGlobalSection
	GlobalSection(ProjectConfigurationPlatforms) = postSolution
		{044AA720-1DA9-4748-98A9-F71D45CF3ADC}.Debug|Any CPU.ActiveCfg = Debug|Any CPU
		{044AA720-1DA9-4748-98A9-F71D45CF3ADC}.Debug|Any CPU.Build.0 = Debug|Any CPU
		{044AA720-1DA9-4748-98A9-F71D45CF3ADC}.Release|Any CPU.ActiveCfg = Release|Any CPU
		{044AA720-1DA9-4748-98A9-F71D45CF3ADC}.Release|Any CPU.Build.0 = Release|Any CPU
	EndGlobalSection
	GlobalSection(SolutionProperties) = preSolution
		HideSolutionNode = FALSE
	EndGlobalSection
	GlobalSection(ExtensibilityGlobals) = postSolution
		SolutionGuid = {AEACB0C4-1714-48C8-A302-29A975E4470D}
	EndGlobalSection
EndGlobal
